// !$*UTF8*$!
{
	archiveVersion = 1;
	classes = {
	};
	objectVersion = 46;
	objects = {

/* Begin PBXBuildFile section */
		EDCC19BB1EB79A5500AFBEC7 /* AppDelegate.swift in Sources */ = {isa = PBXBuildFile; fileRef = EDCC19BA1EB79A5500AFBEC7 /* AppDelegate.swift */; };
		EDCC19BD1EB79A5500AFBEC7 /* ViewController.swift in Sources */ = {isa = PBXBuildFile; fileRef = EDCC19BC1EB79A5500AFBEC7 /* ViewController.swift */; };
		EDCC19C01EB79A5500AFBEC7 /* Main.storyboard in Resources */ = {isa = PBXBuildFile; fileRef = EDCC19BE1EB79A5500AFBEC7 /* Main.storyboard */; };
		EDCC19C21EB79A5500AFBEC7 /* Assets.xcassets in Resources */ = {isa = PBXBuildFile; fileRef = EDCC19C11EB79A5500AFBEC7 /* Assets.xcassets */; };
		EDCC19C51EB79A5500AFBEC7 /* LaunchScreen.storyboard in Resources */ = {isa = PBXBuildFile; fileRef = EDCC19C31EB79A5500AFBEC7 /* LaunchScreen.storyboard */; };
		EDCC19CD1EB7B67800AFBEC7 /* DefinitionViewController.swift in Sources */ = {isa = PBXBuildFile; fileRef = EDCC19CC1EB7B67800AFBEC7 /* DefinitionViewController.swift */; };
/* End PBXBuildFile section */

/* Begin PBXFileReference section */
		EDCC19B71EB79A5500AFBEC7 /* EmojiDictionary.app */ = {isa = PBXFileReference; explicitFileType = wrapper.application; includeInIndex = 0; path = EmojiDictionary.app; sourceTree = BUILT_PRODUCTS_DIR; };
		EDCC19BA1EB79A5500AFBEC7 /* AppDelegate.swift */ = {isa = PBXFileReference; lastKnownFileType = sourcecode.swift; path = AppDelegate.swift; sourceTree = "<group>"; };
		EDCC19BC1EB79A5500AFBEC7 /* ViewController.swift */ = {isa = PBXFileReference; lastKnownFileType = sourcecode.swift; path = ViewController.swift; sourceTree = "<group>"; };
		EDCC19BF1EB79A5500AFBEC7 /* Base */ = {isa = PBXFileReference; lastKnownFileType = file.storyboard; name = Base; path = Base.lproj/Main.storyboard; sourceTree = "<group>"; };
		EDCC19C11EB79A5500AFBEC7 /* Assets.xcassets */ = {isa = PBXFileReference; lastKnownFileType = folder.assetcatalog; path = Assets.xcassets; sourceTree = "<group>"; };
		EDCC19C41EB79A5500AFBEC7 /* Base */ = {isa = PBXFileReference; lastKnownFileType = file.storyboard; name = Base; path = Base.lproj/LaunchScreen.storyboard; sourceTree = "<group>"; };
		EDCC19C61EB79A5500AFBEC7 /* Info.plist */ = {isa = PBXFileReference; lastKnownFileType = text.plist.xml; path = Info.plist; sourceTree = "<group>"; };
		EDCC19CC1EB7B67800AFBEC7 /* DefinitionViewController.swift */ = {isa = PBXFileReference; fileEncoding = 4; lastKnownFileType = sourcecode.swift; path = DefinitionViewController.swift; sourceTree = "<group>"; };
/* End PBXFileReference section */

/* Begin PBXFrameworksBuildPhase section */
		EDCC19B41EB79A5500AFBEC7 /* Frameworks */ = {
			isa = PBXFrameworksBuildPhase;
			buildActionMask = 2147483647;
			files = (
			);
			runOnlyForDeploymentPostprocessing = 0;
		};
/* End PBXFrameworksBuildPhase section */

/* Begin PBXGroup section */
		EDCC19AE1EB79A5500AFBEC7 = {
			isa = PBXGroup;
			children = (
				EDCC19B91EB79A5500AFBEC7 /* EmojiDictionary */,
				EDCC19B81EB79A5500AFBEC7 /* Products */,
			);
			sourceTree = "<group>";
		};
		EDCC19B81EB79A5500AFBEC7 /* Products */ = {
			isa = PBXGroup;
			children = (
				EDCC19B71EB79A5500AFBEC7 /* EmojiDictionary.app */,
			);
			name = Products;
			sourceTree = "<group>";
		};
		EDCC19B91EB79A5500AFBEC7 /* EmojiDictionary */ = {
			isa = PBXGroup;
			children = (
				EDCC19BA1EB79A5500AFBEC7 /* AppDelegate.swift */,
				EDCC19BC1EB79A5500AFBEC7 /* ViewController.swift */,
				EDCC19CC1EB7B67800AFBEC7 /* DefinitionViewController.swift */,
				EDCC19BE1EB79A5500AFBEC7 /* Main.storyboard */,
				EDCC19C11EB79A5500AFBEC7 /* Assets.xcassets */,
				EDCC19C31EB79A5500AFBEC7 /* LaunchScreen.storyboard */,
				EDCC19C61EB79A5500AFBEC7 /* Info.plist */,
			);
			path = EmojiDictionary;
			sourceTree = "<group>";
		};
/* End PBXGroup section */

/* Begin PBXNativeTarget section */
		EDCC19B61EB79A5500AFBEC7 /* EmojiDictionary */ = {
			isa = PBXNativeTarget;
			buildConfigurationList = EDCC19C91EB79A5500AFBEC7 /* Build configuration list for PBXNativeTarget "EmojiDictionary" */;
			buildPhases = (
				EDCC19B31EB79A5500AFBEC7 /* Sources */,
				EDCC19B41EB79A5500AFBEC7 /* Frameworks */,
				EDCC19B51EB79A5500AFBEC7 /* Resources */,
			);
			buildRules = (
			);
			dependencies = (
			);
			name = EmojiDictionary;
			productName = EmojiDictionary;
			productReference = EDCC19B71EB79A5500AFBEC7 /* EmojiDictionary.app */;
			productType = "com.apple.product-type.application";
		};
/* End PBXNativeTarget section */

/* Begin PBXProject section */
		EDCC19AF1EB79A5500AFBEC7 /* Project object */ = {
			isa = PBXProject;
			attributes = {
				LastSwiftUpdateCheck = 0830;
				LastUpgradeCheck = 0830;
				ORGANIZATIONNAME = "Aaron Connolly";
				TargetAttributes = {
					EDCC19B61EB79A5500AFBEC7 = {
						CreatedOnToolsVersion = 8.3.2;
						ProvisioningStyle = Automatic;
					};
				};
			};
			buildConfigurationList = EDCC19B21EB79A5500AFBEC7 /* Build configuration list for PBXProject "EmojiDictionary" */;
			compatibilityVersion = "Xcode 3.2";
			developmentRegion = English;
			hasScannedForEncodings = 0;
			knownRegions = (
				en,
				Base,
			);
			mainGroup = EDCC19AE1EB79A5500AFBEC7;
			productRefGroup = EDCC19B81EB79A5500AFBEC7 /* Products */;
			projectDirPath = "";
			projectRoot = "";
			targets = (
				EDCC19B61EB79A5500AFBEC7 /* EmojiDictionary */,
			);
		};
/* End PBXProject section */

/* Begin PBXResourcesBuildPhase section */
		EDCC19B51EB79A5500AFBEC7 /* Resources */ = {
			isa = PBXResourcesBuildPhase;
			buildActionMask = 2147483647;
			files = (
				EDCC19C51EB79A5500AFBEC7 /* LaunchScreen.storyboard in Resources */,
				EDCC19C21EB79A5500AFBEC7 /* Assets.xcassets in Resources */,
				EDCC19C01EB79A5500AFBEC7 /* Main.storyboard in Resources */,
			);
			runOnlyForDeploymentPostprocessing = 0;
		};
/* End PBXResourcesBuildPhase section */

/* Begin PBXSourcesBuildPhase section */
		EDCC19B31EB79A5500AFBEC7 /* Sources */ = {
			isa = PBXSourcesBuildPhase;
			buildActionMask = 2147483647;
			files = (
				EDCC19BD1EB79A5500AFBEC7 /* ViewController.swift in Sources */,
				EDCC19CD1EB7B67800AFBEC7 /* DefinitionViewController.swift in Sources */,
				EDCC19BB1EB79A5500AFBEC7 /* AppDelegate.swift in Sources */,
			);
			runOnlyForDeploymentPostprocessing = 0;
		};
/* End PBXSourcesBuildPhase section */

/* Begin PBXVariantGroup section */
		EDCC19BE1EB79A5500AFBEC7 /* Main.storyboard */ = {
			isa = PBXVariantGroup;
			children = (
				EDCC19BF1EB79A5500AFBEC7 /* Base */,
			);
			name = Main.storyboard;
			sourceTree = "<group>";
		};
		EDCC19C31EB79A5500AFBEC7 /* LaunchScreen.storyboard */ = {
			isa = PBXVariantGroup;
			children = (
				EDCC19C41EB79A5500AFBEC7 /* Base */,
			);
			name = LaunchScreen.storyboard;
			sourceTree = "<group>";
		};
/* End PBXVariantGroup section */

/* Begin XCBuildConfiguration section */
		EDCC19C71EB79A5500AFBEC7 /* Debug */ = {
			isa = XCBuildConfiguration;
			buildSettings = {
				ALWAYS_SEARCH_USER_PATHS = NO;
				CLANG_ANALYZER_NONNULL = YES;
				CLANG_ANALYZER_NUMBER_OBJECT_CONVERSION = YES_AGGRESSIVE;
				CLANG_CXX_LANGUAGE_STANDARD = "gnu++0x";
				CLANG_CXX_LIBRARY = "libc++";
				CLANG_ENABLE_MODULES = YES;
				CLANG_ENABLE_OBJC_ARC = YES;
				CLANG_WARN_BOOL_CONVERSION = YES;
				CLANG_WARN_CONSTANT_CONVERSION = YES;
				CLANG_WARN_DIRECT_OBJC_ISA_USAGE = YES_ERROR;
				CLANG_WARN_DOCUMENTATION_COMMENTS = YES;
				CLANG_WARN_EMPTY_BODY = YES;
				CLANG_WARN_ENUM_CONVERSION = YES;
				CLANG_WARN_INFINITE_RECURSION = YES;
				CLANG_WARN_INT_CONVERSION = YES;
				CLANG_WARN_OBJC_ROOT_CLASS = YES_ERROR;
				CLANG_WARN_SUSPICIOUS_MOVE = YES;
				CLANG_WARN_UNREACHABLE_CODE = YES;
				CLANG_WARN__DUPLICATE_METHOD_MATCH = YES;
				"CODE_SIGN_IDENTITY[sdk=iphoneos*]" = "iPhone Developer";
				COPY_PHASE_STRIP = NO;
				DEBUG_INFORMATION_FORMAT = dwarf;
				ENABLE_STRICT_OBJC_MSGSEND = YES;
				ENABLE_TESTABILITY = YES;
				GCC_C_LANGUAGE_STANDARD = gnu99;
				GCC_DYNAMIC_NO_PIC = NO;
				GCC_NO_COMMON_BLOCKS = YES;
				GCC_OPTIMIZATION_LEVEL = 0;
				GCC_PREPROCESSOR_DEFINITIONS = (
					"DEBUG=1",
					"$(inherited)",
				);
				GCC_WARN_64_TO_32_BIT_CONVERSION = YES;
				GCC_WARN_ABOUT_RETURN_TYPE = YES_ERROR;
				GCC_WARN_UNDECLARED_SELECTOR = YES;
				GCC_WARN_UNINITIALIZED_AUTOS = YES_AGGRESSIVE;
				GCC_WARN_UNUSED_FUNCTION = YES;
				GCC_WARN_UNUSED_VARIABLE = YES;
				IPHONEOS_DEPLOYMENT_TARGET = 10.3;
				MTL_ENABLE_DEBUG_INFO = YES;
				ONLY_ACTIVE_ARCH = YES;
				SDKROOT = iphoneos;
				SWIFT_ACTIVE_COMPILATION_CONDITIONS = DEBUG;
				SWIFT_OPTIMIZATION_LEVEL = "-Onone";
				TARGETED_DEVICE_FAMILY = "1,2";
			};
			name = Debug;
		};
		EDCC19C81EB79A5500AFBEC7 /* Release */ = {
			isa = XCBuildConfiguration;
			buildSettings = {
				ALWAYS_SEARCH_USER_PATHS = NO;
				CLANG_ANALYZER_NONNULL = YES;
				CLANG_ANALYZER_NUMBER_OBJECT_CONVERSION = YES_AGGRESSIVE;
				CLANG_CXX_LANGUAGE_STANDARD = "gnu++0x";
				CLANG_CXX_LIBRARY = "libc++";
				CLANG_ENABLE_MODULES = YES;
				CLANG_ENABLE_OBJC_ARC = YES;
				CLANG_WARN_BOOL_CONVERSION = YES;
				CLANG_WARN_CONSTANT_CONVERSION = YES;
				CLANG_WARN_DIRECT_OBJC_ISA_USAGE = YES_ERROR;
				CLANG_WARN_DOCUMENTATION_COMMENTS = YES;
				CLANG_WARN_EMPTY_BODY = YES;
				CLANG_WARN_ENUM_CONVERSION = YES;
				CLANG_WARN_INFINITE_RECURSION = YES;
				CLANG_WARN_INT_CONVERSION = YES;
				CLANG_WARN_OBJC_ROOT_CLASS = YES_ERROR;
				CLANG_WARN_SUSPICIOUS_MOVE = YES;
				CLANG_WARN_UNREACHABLE_CODE = YES;
				CLANG_WARN__DUPLICATE_METHOD_MATCH = YES;
				"CODE_SIGN_IDENTITY[sdk=iphoneos*]" = "iPhone Developer";
				COPY_PHASE_STRIP = NO;
				DEBUG_INFORMATION_FORMAT = "dwarf-with-dsym";
				ENABLE_NS_ASSERTIONS = NO;
				ENABLE_STRICT_OBJC_MSGSEND = YES;
				GCC_C_LANGUAGE_STANDARD = gnu99;
				GCC_NO_COMMON_BLOCKS = YES;
				GCC_WARN_64_TO_32_BIT_CONVERSION = YES;
				GCC_WARN_ABOUT_RETURN_TYPE = YES_ERROR;
				GCC_WARN_UNDECLARED_SELECTOR = YES;
				GCC_WARN_UNINITIALIZED_AUTOS = YES_AGGRESSIVE;
				GCC_WARN_UNUSED_FUNCTION = YES;
				GCC_WARN_UNUSED_VARIABLE = YES;
				IPHONEOS_DEPLOYMENT_TARGET = 10.3;
				MTL_ENABLE_DEBUG_INFO = NO;
				SDKROOT = iphoneos;
				SWIFT_OPTIMIZATION_LEVEL = "-Owholemodule";
				TARGETED_DEVICE_FAMILY = "1,2";
				VALIDATE_PRODUCT = YES;
			};
			name = Release;
		};
		EDCC19CA1EB79A5500AFBEC7 /* Debug */ = {
			isa = XCBuildConfiguration;
			buildSettings = {
				ASSETCATALOG_COMPILER_APPICON_NAME = AppIcon;
				INFOPLIST_FILE = EmojiDictionary/Info.plist;
				LD_RUNPATH_SEARCH_PATHS = "$(inherited) @executable_path/Frameworks";
				PRODUCT_BUNDLE_IDENTIFIER = aaron.EmojiDictionary;
				PRODUCT_NAME = "$(TARGET_NAME)";
				SWIFT_VERSION = 3.0;
			};
			name = Debug;
		};
		EDCC19CB1EB79A5500AFBEC7 /* Release */ = {
			isa = XCBuildConfiguration;
			buildSettings = {
				ASSETCATALOG_COMPILER_APPICON_NAME = AppIcon;
				INFOPLIST_FILE = EmojiDictionary/Info.plist;
				LD_RUNPATH_SEARCH_PATHS = "$(inherited) @executable_path/Frameworks";
				PRODUCT_BUNDLE_IDENTIFIER = aaron.EmojiDictionary;
				PRODUCT_NAME = "$(TARGET_NAME)";
				SWIFT_VERSION = 3.0;
			};
			name = Release;
		};
/* End XCBuildConfiguration section */

/* Begin XCConfigurationList section */
		EDCC19B21EB79A5500AFBEC7 /* Build configuration list for PBXProject "EmojiDictionary" */ = {
			isa = XCConfigurationList;
			buildConfigurations = (
				EDCC19C71EB79A5500AFBEC7 /* Debug */,
				EDCC19C81EB79A5500AFBEC7 /* Release */,
			);
			defaultConfigurationIsVisible = 0;
			defaultConfigurationName = Release;
		};
		EDCC19C91EB79A5500AFBEC7 /* Build configuration list for PBXNativeTarget "EmojiDictionary" */ = {
			isa = XCConfigurationList;
			buildConfigurations = (
				EDCC19CA1EB79A5500AFBEC7 /* Debug */,
				EDCC19CB1EB79A5500AFBEC7 /* Release */,
			);
			defaultConfigurationIsVisible = 0;
		};
/* End XCConfigurationList section */
	};
	rootObject = EDCC19AF1EB79A5500AFBEC7 /* Project object */;
}
